
Microsoft Visual Studio Solution File, Format Version 12.00
# Visual Studio 15
VisualStudioVersion = 15.0.28010.2016
MinimumVisualStudioVersion = 10.0.40219.1
Project("{8BC9CEB8-8B4A-11D0-8D11-00A0C91BC942}") = "SoI", "SoI\SoI.vcxproj", "{B73A3CAF-1554-42FD-9A34-D1B02BC7192D}"
	ProjectSection(ProjectDependencies) = postProject
		{CFCCC2A4-BF61-45F2-B570-B808E0425564} = {CFCCC2A4-BF61-45F2-B570-B808E0425564}
	EndProjectSection
EndProject
Project("{8BC9CEB8-8B4A-11D0-8D11-00A0C91BC942}") = "Engine", "Engine\Engine.vcxproj", "{CFCCC2A4-BF61-45F2-B570-B808E0425564}"
	ProjectSection(ProjectDependencies) = postProject
		{F02456AD-C96D-431C-885A-C203CF41664C} = {F02456AD-C96D-431C-885A-C203CF41664C}
		{EB3FAAEF-177E-4300-8FE1-DDBE06107F7C} = {EB3FAAEF-177E-4300-8FE1-DDBE06107F7C}
	EndProjectSection
EndProject
Project("{8BC9CEB8-8B4A-11D0-8D11-00A0C91BC942}") = "zDataStructures", "DataStructures\DataStructures.vcxproj", "{26CD23AC-5A6A-4E5C-91EE-E97247F1EE55}"
	ProjectSection(ProjectDependencies) = postProject
		{CFCCC2A4-BF61-45F2-B570-B808E0425564} = {CFCCC2A4-BF61-45F2-B570-B808E0425564}
	EndProjectSection
EndProject
Project("{8BC9CEB8-8B4A-11D0-8D11-00A0C91BC942}") = "GeneticAlgorithm", "GeneticAlgorithm\GeneticAlgorithm.vcxproj", "{E52F7AA7-6353-41A7-B874-6035D2F33F01}"
	ProjectSection(ProjectDependencies) = postProject
		{CFCCC2A4-BF61-45F2-B570-B808E0425564} = {CFCCC2A4-BF61-45F2-B570-B808E0425564}
	EndProjectSection
EndProject
Project("{8BC9CEB8-8B4A-11D0-8D11-00A0C91BC942}") = "Arrow", "Arrow\Arrow.vcxproj", "{D0AB403A-FC97-4E1D-AB04-9871C709A705}"
	ProjectSection(ProjectDependencies) = postProject
		{CFCCC2A4-BF61-45F2-B570-B808E0425564} = {CFCCC2A4-BF61-45F2-B570-B808E0425564}
	EndProjectSection
EndProject
Project("{8BC9CEB8-8B4A-11D0-8D11-00A0C91BC942}") = "RakNet", "RakNet\RakNet.vcxproj", "{EB3FAAEF-177E-4300-8FE1-DDBE06107F7C}"
EndProject
Project("{8BC9CEB8-8B4A-11D0-8D11-00A0C91BC942}") = "Box2D", "Box2D\Box2D.vcxproj", "{F02456AD-C96D-431C-885A-C203CF41664C}"
EndProject
Global
	GlobalSection(SolutionConfigurationPlatforms) = preSolution
		Debug|x64 = Debug|x64
		Debug|x86 = Debug|x86
		Release|x64 = Release|x64
		Release|x86 = Release|x86
	EndGlobalSection
	GlobalSection(ProjectConfigurationPlatforms) = postSolution
		{B73A3CAF-1554-42FD-9A34-D1B02BC7192D}.Debug|x64.ActiveCfg = Debug|x64
		{B73A3CAF-1554-42FD-9A34-D1B02BC7192D}.Debug|x64.Build.0 = Debug|x64
		{B73A3CAF-1554-42FD-9A34-D1B02BC7192D}.Debug|x86.ActiveCfg = Debug|Win32
		{B73A3CAF-1554-42FD-9A34-D1B02BC7192D}.Debug|x86.Build.0 = Debug|Win32
		{B73A3CAF-1554-42FD-9A34-D1B02BC7192D}.Release|x64.ActiveCfg = Release|x64
		{B73A3CAF-1554-42FD-9A34-D1B02BC7192D}.Release|x64.Build.0 = Release|x64
		{B73A3CAF-1554-42FD-9A34-D1B02BC7192D}.Release|x86.ActiveCfg = Release|Win32
		{B73A3CAF-1554-42FD-9A34-D1B02BC7192D}.Release|x86.Build.0 = Release|Win32
		{CFCCC2A4-BF61-45F2-B570-B808E0425564}.Debug|x64.ActiveCfg = Debug|x64
		{CFCCC2A4-BF61-45F2-B570-B808E0425564}.Debug|x64.Build.0 = Debug|x64
		{CFCCC2A4-BF61-45F2-B570-B808E0425564}.Debug|x86.ActiveCfg = Debug|Win32
		{CFCCC2A4-BF61-45F2-B570-B808E0425564}.Debug|x86.Build.0 = Debug|Win32
		{CFCCC2A4-BF61-45F2-B570-B808E0425564}.Release|x64.ActiveCfg = Release|x64
		{CFCCC2A4-BF61-45F2-B570-B808E0425564}.Release|x64.Build.0 = Release|x64
		{CFCCC2A4-BF61-45F2-B570-B808E0425564}.Release|x86.ActiveCfg = Release|Win32
		{CFCCC2A4-BF61-45F2-B570-B808E0425564}.Release|x86.Build.0 = Release|Win32
		{26CD23AC-5A6A-4E5C-91EE-E97247F1EE55}.Debug|x64.ActiveCfg = Debug|x64
		{26CD23AC-5A6A-4E5C-91EE-E97247F1EE55}.Debug|x64.Build.0 = Debug|x64
		{26CD23AC-5A6A-4E5C-91EE-E97247F1EE55}.Debug|x86.ActiveCfg = Debug|Win32
		{26CD23AC-5A6A-4E5C-91EE-E97247F1EE55}.Debug|x86.Build.0 = Debug|Win32
		{26CD23AC-5A6A-4E5C-91EE-E97247F1EE55}.Release|x64.ActiveCfg = Release|x64
		{26CD23AC-5A6A-4E5C-91EE-E97247F1EE55}.Release|x64.Build.0 = Release|x64
		{26CD23AC-5A6A-4E5C-91EE-E97247F1EE55}.Release|x86.ActiveCfg = Release|Win32
		{26CD23AC-5A6A-4E5C-91EE-E97247F1EE55}.Release|x86.Build.0 = Release|Win32
		{E52F7AA7-6353-41A7-B874-6035D2F33F01}.Debug|x64.ActiveCfg = Debug|x64
		{E52F7AA7-6353-41A7-B874-6035D2F33F01}.Debug|x64.Build.0 = Debug|x64
		{E52F7AA7-6353-41A7-B874-6035D2F33F01}.Debug|x86.ActiveCfg = Debug|Win32
		{E52F7AA7-6353-41A7-B874-6035D2F33F01}.Debug|x86.Build.0 = Debug|Win32
		{E52F7AA7-6353-41A7-B874-6035D2F33F01}.Release|x64.ActiveCfg = Release|x64
		{E52F7AA7-6353-41A7-B874-6035D2F33F01}.Release|x64.Build.0 = Release|x64
		{E52F7AA7-6353-41A7-B874-6035D2F33F01}.Release|x86.ActiveCfg = Release|Win32
		{E52F7AA7-6353-41A7-B874-6035D2F33F01}.Release|x86.Build.0 = Release|Win32
		{D0AB403A-FC97-4E1D-AB04-9871C709A705}.Debug|x64.ActiveCfg = Debug|x64
		{D0AB403A-FC97-4E1D-AB04-9871C709A705}.Debug|x64.Build.0 = Debug|x64
		{D0AB403A-FC97-4E1D-AB04-9871C709A705}.Debug|x86.ActiveCfg = Debug|Win32
		{D0AB403A-FC97-4E1D-AB04-9871C709A705}.Debug|x86.Build.0 = Debug|Win32
		{D0AB403A-FC97-4E1D-AB04-9871C709A705}.Release|x64.ActiveCfg = Release|x64
		{D0AB403A-FC97-4E1D-AB04-9871C709A705}.Release|x64.Build.0 = Release|x64
		{D0AB403A-FC97-4E1D-AB04-9871C709A705}.Release|x86.ActiveCfg = Release|Win32
		{D0AB403A-FC97-4E1D-AB04-9871C709A705}.Release|x86.Build.0 = Release|Win32
		{EB3FAAEF-177E-4300-8FE1-DDBE06107F7C}.Debug|x64.ActiveCfg = Debug|x64
		{EB3FAAEF-177E-4300-8FE1-DDBE06107F7C}.Debug|x64.Build.0 = Debug|x64
		{EB3FAAEF-177E-4300-8FE1-DDBE06107F7C}.Debug|x86.ActiveCfg = Debug|Win32
		{EB3FAAEF-177E-4300-8FE1-DDBE06107F7C}.Debug|x86.Build.0 = Debug|Win32
		{EB3FAAEF-177E-4300-8FE1-DDBE06107F7C}.Release|x64.ActiveCfg = Release|x64
		{EB3FAAEF-177E-4300-8FE1-DDBE06107F7C}.Release|x64.Build.0 = Release|x64
		{EB3FAAEF-177E-4300-8FE1-DDBE06107F7C}.Release|x86.ActiveCfg = Release|Win32
		{EB3FAAEF-177E-4300-8FE1-DDBE06107F7C}.Release|x86.Build.0 = Release|Win32
		{F02456AD-C96D-431C-885A-C203CF41664C}.Debug|x64.ActiveCfg = Debug|x64
		{F02456AD-C96D-431C-885A-C203CF41664C}.Debug|x64.Build.0 = Debug|x64
		{F02456AD-C96D-431C-885A-C203CF41664C}.Debug|x86.ActiveCfg = Debug|Win32
		{F02456AD-C96D-431C-885A-C203CF41664C}.Debug|x86.Build.0 = Debug|Win32
		{F02456AD-C96D-431C-885A-C203CF41664C}.Release|x64.ActiveCfg = Release|x64
		{F02456AD-C96D-431C-885A-C203CF41664C}.Release|x64.Build.0 = Release|x64
		{F02456AD-C96D-431C-885A-C203CF41664C}.Release|x86.ActiveCfg = Release|Win32
		{F02456AD-C96D-431C-885A-C203CF41664C}.Release|x86.Build.0 = Release|Win32
	EndGlobalSection
	GlobalSection(SolutionProperties) = preSolution
		HideSolutionNode = FALSE
	EndGlobalSection
	GlobalSection(ExtensibilityGlobals) = postSolution
		SolutionGuid = {09304DA8-F74B-49D1-B1DC-B20E66F868D7}
	EndGlobalSection
EndGlobal
