
Microsoft Visual Studio Solution File, Format Version 12.00
# Visual Studio 14
VisualStudioVersion = 14.0.25420.1
MinimumVisualStudioVersion = 10.0.40219.1
Project("{8BC9CEB8-8B4A-11D0-8D11-00A0C91BC942}") = "SoI", "SoI\SoI.vcxproj", "{B73A3CAF-1554-42FD-9A34-D1B02BC7192D}"
	ProjectSection(ProjectDependencies) = postProject
		{CFCCC2A4-BF61-45F2-B570-B808E0425564} = {CFCCC2A4-BF61-45F2-B570-B808E0425564}
	EndProjectSection
EndProject
Project("{8BC9CEB8-8B4A-11D0-8D11-00A0C91BC942}") = "Engine", "Engine\Engine.vcxproj", "{CFCCC2A4-BF61-45F2-B570-B808E0425564}"
EndProject
Project("{8BC9CEB8-8B4A-11D0-8D11-00A0C91BC942}") = "zDataStructures", "DataStructures\DataStructures.vcxproj", "{26CD23AC-5A6A-4E5C-91EE-E97247F1EE55}"
	ProjectSection(ProjectDependencies) = postProject
		{CFCCC2A4-BF61-45F2-B570-B808E0425564} = {CFCCC2A4-BF61-45F2-B570-B808E0425564}
	EndProjectSection
EndProject
Project("{8BC9CEB8-8B4A-11D0-8D11-00A0C91BC942}") = "Alghorythms", "Alghorythms\Alghorythms.vcxproj", "{E52F7AA7-6353-41A7-B874-6035D2F33F01}"
	ProjectSection(ProjectDependencies) = postProject
		{CFCCC2A4-BF61-45F2-B570-B808E0425564} = {CFCCC2A4-BF61-45F2-B570-B808E0425564}
	EndProjectSection
EndProject
Global
	GlobalSection(SolutionConfigurationPlatforms) = preSolution
		Debug|x64 = Debug|x64
		Debug|x86 = Debug|x86
		Release|x64 = Release|x64
		Release|x86 = Release|x86
	EndGlobalSection
	GlobalSection(ProjectConfigurationPlatforms) = postSolution
		{B73A3CAF-1554-42FD-9A34-D1B02BC7192D}.Debug|x64.ActiveCfg = Debug|x64
		{B73A3CAF-1554-42FD-9A34-D1B02BC7192D}.Debug|x64.Build.0 = Debug|x64
		{B73A3CAF-1554-42FD-9A34-D1B02BC7192D}.Debug|x86.ActiveCfg = Debug|Win32
		{B73A3CAF-1554-42FD-9A34-D1B02BC7192D}.Debug|x86.Build.0 = Debug|Win32
		{B73A3CAF-1554-42FD-9A34-D1B02BC7192D}.Release|x64.ActiveCfg = Release|x64
		{B73A3CAF-1554-42FD-9A34-D1B02BC7192D}.Release|x64.Build.0 = Release|x64
		{B73A3CAF-1554-42FD-9A34-D1B02BC7192D}.Release|x86.ActiveCfg = Release|Win32
		{B73A3CAF-1554-42FD-9A34-D1B02BC7192D}.Release|x86.Build.0 = Release|Win32
		{CFCCC2A4-BF61-45F2-B570-B808E0425564}.Debug|x64.ActiveCfg = Debug|x64
		{CFCCC2A4-BF61-45F2-B570-B808E0425564}.Debug|x64.Build.0 = Debug|x64
		{CFCCC2A4-BF61-45F2-B570-B808E0425564}.Debug|x86.ActiveCfg = Debug|Win32
		{CFCCC2A4-BF61-45F2-B570-B808E0425564}.Debug|x86.Build.0 = Debug|Win32
		{CFCCC2A4-BF61-45F2-B570-B808E0425564}.Release|x64.ActiveCfg = Release|x64
		{CFCCC2A4-BF61-45F2-B570-B808E0425564}.Release|x64.Build.0 = Release|x64
		{CFCCC2A4-BF61-45F2-B570-B808E0425564}.Release|x86.ActiveCfg = Release|Win32
		{CFCCC2A4-BF61-45F2-B570-B808E0425564}.Release|x86.Build.0 = Release|Win32
		{26CD23AC-5A6A-4E5C-91EE-E97247F1EE55}.Debug|x64.ActiveCfg = Debug|x64
		{26CD23AC-5A6A-4E5C-91EE-E97247F1EE55}.Debug|x64.Build.0 = Debug|x64
		{26CD23AC-5A6A-4E5C-91EE-E97247F1EE55}.Debug|x86.ActiveCfg = Debug|Win32
		{26CD23AC-5A6A-4E5C-91EE-E97247F1EE55}.Debug|x86.Build.0 = Debug|Win32
		{26CD23AC-5A6A-4E5C-91EE-E97247F1EE55}.Release|x64.ActiveCfg = Release|x64
		{26CD23AC-5A6A-4E5C-91EE-E97247F1EE55}.Release|x64.Build.0 = Release|x64
		{26CD23AC-5A6A-4E5C-91EE-E97247F1EE55}.Release|x86.ActiveCfg = Release|Win32
		{26CD23AC-5A6A-4E5C-91EE-E97247F1EE55}.Release|x86.Build.0 = Release|Win32
		{E52F7AA7-6353-41A7-B874-6035D2F33F01}.Debug|x64.ActiveCfg = Debug|x64
		{E52F7AA7-6353-41A7-B874-6035D2F33F01}.Debug|x64.Build.0 = Debug|x64
		{E52F7AA7-6353-41A7-B874-6035D2F33F01}.Debug|x86.ActiveCfg = Debug|Win32
		{E52F7AA7-6353-41A7-B874-6035D2F33F01}.Debug|x86.Build.0 = Debug|Win32
		{E52F7AA7-6353-41A7-B874-6035D2F33F01}.Release|x64.ActiveCfg = Release|x64
		{E52F7AA7-6353-41A7-B874-6035D2F33F01}.Release|x64.Build.0 = Release|x64
		{E52F7AA7-6353-41A7-B874-6035D2F33F01}.Release|x86.ActiveCfg = Release|Win32
		{E52F7AA7-6353-41A7-B874-6035D2F33F01}.Release|x86.Build.0 = Release|Win32
	EndGlobalSection
	GlobalSection(SolutionProperties) = preSolution
		HideSolutionNode = FALSE
	EndGlobalSection
EndGlobal
